
Microsoft Visual Studio Solution File, Format Version 12.00
# Visual Studio Version 17
VisualStudioVersion = 17.5.33530.505
MinimumVisualStudioVersion = 10.0.40219.1
Project("{FAE04EC0-301F-11D3-BF4B-00C04F79EFBC}") = "ElderEase", "ElderEase\ElderEase.csproj", "{C3A4B382-769E-433F-A333-92A6DD40865A}"
EndProject
Global
	GlobalSection(SolutionConfigurationPlatforms) = preSolution
		Debug|Any CPU = Debug|Any CPU
		Release|Any CPU = Release|Any CPU
	EndGlobalSection
	GlobalSection(ProjectConfigurationPlatforms) = postSolution
		{C3A4B382-769E-433F-A333-92A6DD40865A}.Debug|Any CPU.ActiveCfg = Debug|Any CPU
		{C3A4B382-769E-433F-A333-92A6DD40865A}.Debug|Any CPU.Build.0 = Debug|Any CPU
		{C3A4B382-769E-433F-A333-92A6DD40865A}.Release|Any CPU.ActiveCfg = Release|Any CPU
		{C3A4B382-769E-433F-A333-92A6DD40865A}.Release|Any CPU.Build.0 = Release|Any CPU
	EndGlobalSection
	GlobalSection(SolutionProperties) = preSolution
		HideSolutionNode = FALSE
	EndGlobalSection
	GlobalSection(ExtensibilityGlobals) = postSolution
		SolutionGuid = {0C0508E8-98FF-4F7B-AAC2-82BC31414CAB}
	EndGlobalSection
EndGlobal
